# generated by rye
# use `rye lock` or `rye sync` to update this lockfile
#
# last locked with the following flags:
#   pre: false
#   features: []
#   all-features: false
#   with-sources: false
#   generate-hashes: false
#   universal: false

customtkinter==5.2.2
darkdetect==0.8.0
    # via customtkinter
packaging==24.2
    # via customtkinter
